
Microsoft Visual Studio Solution File, Format Version 12.00
# Visual Studio 15
VisualStudioVersion = 15.0.27703.2042
MinimumVisualStudioVersion = 10.0.40219.1
Project("{FAE04EC0-301F-11D3-BF4B-00C04F79EFBC}") = "MENSAJE", "CDS_PRACTICAS_C_SHART\MENSAJE.csproj", "{BCB09C9B-CB83-4671-A7B1-06072DDCD789}"
EndProject
Project("{FAE04EC0-301F-11D3-BF4B-00C04F79EFBC}") = "EDAD_POR AÑO_INGRESADO", "EDAD_POR AÑO_INGRESADO\EDAD_POR AÑO_INGRESADO.csproj", "{6E2DB2A9-B568-44BB-807A-F240DF250729}"
EndProject
Project("{FAE04EC0-301F-11D3-BF4B-00C04F79EFBC}") = "MAYOR_DE_EDAD", "MAYOR_DE_EDAD\MAYOR_DE_EDAD.csproj", "{722C516F-AF18-47DB-BA0F-B867435C144D}"
EndProject
Project("{FAE04EC0-301F-11D3-BF4B-00C04F79EFBC}") = "PROMEDIO_DE_NOTA", "PROMEDIO_DE_NOTA\PROMEDIO_DE_NOTA.csproj", "{441559D4-CAE8-4C52-A4B7-42B935A6342F}"
EndProject
Project("{FAE04EC0-301F-11D3-BF4B-00C04F79EFBC}") = "IVA_PRODUCTO", "IVA_PRODUCTO\IVA_PRODUCTO.csproj", "{C4426179-BE4E-4983-9354-805C924482E3}"
EndProject
Project("{FAE04EC0-301F-11D3-BF4B-00C04F79EFBC}") = "NUMERO_MAYOR", "NUMERO_MAYOR\NUMERO_MAYOR.csproj", "{5560B1F2-B225-4E4F-9534-226A5D38F055}"
EndProject
Project("{FAE04EC0-301F-11D3-BF4B-00C04F79EFBC}") = "VOCAL", "VOCAL\VOCAL.csproj", "{02291BA8-4AFE-43E9-9CEB-2EF664892EA7}"
EndProject
Project("{FAE04EC0-301F-11D3-BF4B-00C04F79EFBC}") = "REGISTRO_CLIENTE", "REGISTRO_CLIENTE\REGISTRO_CLIENTE.csproj", "{61E26FC0-5AA2-471A-9EFA-E5102E835283}"
EndProject
Project("{FAE04EC0-301F-11D3-BF4B-00C04F79EFBC}") = "ORDEN_NUMEROS", "ORDEN_NUMEROS\ORDEN_NUMEROS.csproj", "{AE691C6C-9312-4792-AD0B-B6E9830BE15D}"
EndProject
Project("{FAE04EC0-301F-11D3-BF4B-00C04F79EFBC}") = "PAR_IMPAR", "PAR_IMPAR\PAR_IMPAR.csproj", "{9691C0DC-44CF-4C14-8844-ABEE3A28925E}"
EndProject
Project("{FAE04EC0-301F-11D3-BF4B-00C04F79EFBC}") = "NUMERO_PRIMO", "NUMERO_PRIMO\NUMERO_PRIMO.csproj", "{1D8921C3-E937-498E-8A9C-0113172274E7}"
EndProject
Project("{FAE04EC0-301F-11D3-BF4B-00C04F79EFBC}") = "DIA_SEMA_X_NUMERO", "DIA_SEMA_X_NUMERO\DIA_SEMA_X_NUMERO.csproj", "{71847682-82AD-423D-B399-5C7729DA67B9}"
EndProject
Project("{FAE04EC0-301F-11D3-BF4B-00C04F79EFBC}") = "MESES_DEL_AÑO", "MESES_DEL_AÑO\MESES_DEL_AÑO.csproj", "{78E73BF2-50A9-4900-9E84-37CDD4F85DD7}"
EndProject
Project("{FAE04EC0-301F-11D3-BF4B-00C04F79EFBC}") = "POSITIVO_NEGATIVO", "POSITIVO_NEGATIVO\POSITIVO_NEGATIVO.csproj", "{75853826-51E7-43AA-9977-E75322E5DE9D}"
EndProject
Project("{FAE04EC0-301F-11D3-BF4B-00C04F79EFBC}") = "SUMA_SEGUNDO_TERCERO_IGUAL", "SUMA_SEGUNDO_TERCERO_IGUAL\SUMA_SEGUNDO_TERCERO_IGUAL.csproj", "{CB328E55-F650-401C-8802-BCCAC777CD41}"
EndProject
Project("{FAE04EC0-301F-11D3-BF4B-00C04F79EFBC}") = "CALCAULAR_PRESTACIONES", "CALCAULAR_PRESTACIONES\CALCAULAR_PRESTACIONES.csproj", "{D3F7E416-C1DB-4E8A-9A7C-454BA636F9CD}"
EndProject
Project("{FAE04EC0-301F-11D3-BF4B-00C04F79EFBC}") = "MENU_OPCIONES", "MENU_OPCIONES\MENU_OPCIONES.csproj", "{44138E1E-5BF1-47C3-88A0-588834AF55A0}"
EndProject
Project("{FAE04EC0-301F-11D3-BF4B-00C04F79EFBC}") = "PRIMEROS_100_NUMEROS", "PRIMEROS_100_NUMEROS\PRIMEROS_100_NUMEROS.csproj", "{E53FA1C9-532C-44CA-A199-52D204F1EF4F}"
EndProject
Project("{FAE04EC0-301F-11D3-BF4B-00C04F79EFBC}") = "25_NUMEROS_PARES", "25_NUMEROS_PARES\25_NUMEROS_PARES.csproj", "{778BDB04-CDC1-48DB-A299-821CB78BEDFB}"
EndProject
Project("{FAE04EC0-301F-11D3-BF4B-00C04F79EFBC}") = "25_NUMEROS_IMPARES", "25_NUMEROS_IMPARES\25_NUMEROS_IMPARES.csproj", "{076FFC5D-9739-45F1-9E1E-01AB19B1B6D9}"
EndProject
Project("{FAE04EC0-301F-11D3-BF4B-00C04F79EFBC}") = "TABLA_MULTIPLICAR", "TABLA_MULTIPLICAR\TABLA_MULTIPLICAR.csproj", "{B9F75B66-7C52-4409-9C0B-FA45DE4D9730}"
EndProject
Project("{FAE04EC0-301F-11D3-BF4B-00C04F79EFBC}") = "SERVICIO_MILITAR", "SERVICIO_MILITAR\SERVICIO_MILITAR.csproj", "{23721A96-B36A-482E-8865-FD20287CF4AD}"
EndProject
Project("{FAE04EC0-301F-11D3-BF4B-00C04F79EFBC}") = "BUCLE_WHILE", "BUCLE_WHILE\BUCLE_WHILE.csproj", "{0C58F296-FD44-4B76-AC96-EE3B5C4D0E65}"
EndProject
Project("{FAE04EC0-301F-11D3-BF4B-00C04F79EFBC}") = "CALCULADORA_SHITCH", "CALCULADORA\CALCULADORA_SHITCH.csproj", "{C3FC234D-B0F9-4DEA-AB60-64D5F28FD8D3}"
EndProject
Project("{FAE04EC0-301F-11D3-BF4B-00C04F79EFBC}") = "FIBONACII", "FIBONACII\FIBONACII.csproj", "{12E8B7CC-9B05-4AA9-A712-406FE6D5A066}"
EndProject
Project("{FAE04EC0-301F-11D3-BF4B-00C04F79EFBC}") = "RAIZ_CUADRADA", "RAIZ_CUADRADA\RAIZ_CUADRADA.csproj", "{BF1E0111-E4B3-4F9C-9708-A10484AF5EBB}"
EndProject
Project("{FAE04EC0-301F-11D3-BF4B-00C04F79EFBC}") = "LETRA_VOCAL_CONSONANTE", "LETRA_VOCAL_CONSONANTE\LETRA_VOCAL_CONSONANTE.csproj", "{62A62071-ACEB-4206-9C06-D3B3057A0AB9}"
EndProject
Project("{FAE04EC0-301F-11D3-BF4B-00C04F79EFBC}") = "INVERTIR_NUMERO", "INVERTIR_NUMERO\INVERTIR_NUMERO.csproj", "{8593654E-FC4F-4AE8-BC4D-D0B1C3CAE7C1}"
EndProject
Global
	GlobalSection(SolutionConfigurationPlatforms) = preSolution
		Debug|Any CPU = Debug|Any CPU
		Release|Any CPU = Release|Any CPU
	EndGlobalSection
	GlobalSection(ProjectConfigurationPlatforms) = postSolution
		{BCB09C9B-CB83-4671-A7B1-06072DDCD789}.Debug|Any CPU.ActiveCfg = Debug|Any CPU
		{BCB09C9B-CB83-4671-A7B1-06072DDCD789}.Debug|Any CPU.Build.0 = Debug|Any CPU
		{BCB09C9B-CB83-4671-A7B1-06072DDCD789}.Release|Any CPU.ActiveCfg = Release|Any CPU
		{BCB09C9B-CB83-4671-A7B1-06072DDCD789}.Release|Any CPU.Build.0 = Release|Any CPU
		{6E2DB2A9-B568-44BB-807A-F240DF250729}.Debug|Any CPU.ActiveCfg = Debug|Any CPU
		{6E2DB2A9-B568-44BB-807A-F240DF250729}.Debug|Any CPU.Build.0 = Debug|Any CPU
		{6E2DB2A9-B568-44BB-807A-F240DF250729}.Release|Any CPU.ActiveCfg = Release|Any CPU
		{6E2DB2A9-B568-44BB-807A-F240DF250729}.Release|Any CPU.Build.0 = Release|Any CPU
		{722C516F-AF18-47DB-BA0F-B867435C144D}.Debug|Any CPU.ActiveCfg = Debug|Any CPU
		{722C516F-AF18-47DB-BA0F-B867435C144D}.Debug|Any CPU.Build.0 = Debug|Any CPU
		{722C516F-AF18-47DB-BA0F-B867435C144D}.Release|Any CPU.ActiveCfg = Release|Any CPU
		{722C516F-AF18-47DB-BA0F-B867435C144D}.Release|Any CPU.Build.0 = Release|Any CPU
		{441559D4-CAE8-4C52-A4B7-42B935A6342F}.Debug|Any CPU.ActiveCfg = Debug|Any CPU
		{441559D4-CAE8-4C52-A4B7-42B935A6342F}.Debug|Any CPU.Build.0 = Debug|Any CPU
		{441559D4-CAE8-4C52-A4B7-42B935A6342F}.Release|Any CPU.ActiveCfg = Release|Any CPU
		{441559D4-CAE8-4C52-A4B7-42B935A6342F}.Release|Any CPU.Build.0 = Release|Any CPU
		{C4426179-BE4E-4983-9354-805C924482E3}.Debug|Any CPU.ActiveCfg = Debug|Any CPU
		{C4426179-BE4E-4983-9354-805C924482E3}.Debug|Any CPU.Build.0 = Debug|Any CPU
		{C4426179-BE4E-4983-9354-805C924482E3}.Release|Any CPU.ActiveCfg = Release|Any CPU
		{C4426179-BE4E-4983-9354-805C924482E3}.Release|Any CPU.Build.0 = Release|Any CPU
		{5560B1F2-B225-4E4F-9534-226A5D38F055}.Debug|Any CPU.ActiveCfg = Debug|Any CPU
		{5560B1F2-B225-4E4F-9534-226A5D38F055}.Debug|Any CPU.Build.0 = Debug|Any CPU
		{5560B1F2-B225-4E4F-9534-226A5D38F055}.Release|Any CPU.ActiveCfg = Release|Any CPU
		{5560B1F2-B225-4E4F-9534-226A5D38F055}.Release|Any CPU.Build.0 = Release|Any CPU
		{02291BA8-4AFE-43E9-9CEB-2EF664892EA7}.Debug|Any CPU.ActiveCfg = Debug|Any CPU
		{02291BA8-4AFE-43E9-9CEB-2EF664892EA7}.Debug|Any CPU.Build.0 = Debug|Any CPU
		{02291BA8-4AFE-43E9-9CEB-2EF664892EA7}.Release|Any CPU.ActiveCfg = Release|Any CPU
		{02291BA8-4AFE-43E9-9CEB-2EF664892EA7}.Release|Any CPU.Build.0 = Release|Any CPU
		{61E26FC0-5AA2-471A-9EFA-E5102E835283}.Debug|Any CPU.ActiveCfg = Debug|Any CPU
		{61E26FC0-5AA2-471A-9EFA-E5102E835283}.Debug|Any CPU.Build.0 = Debug|Any CPU
		{61E26FC0-5AA2-471A-9EFA-E5102E835283}.Release|Any CPU.ActiveCfg = Release|Any CPU
		{61E26FC0-5AA2-471A-9EFA-E5102E835283}.Release|Any CPU.Build.0 = Release|Any CPU
		{AE691C6C-9312-4792-AD0B-B6E9830BE15D}.Debug|Any CPU.ActiveCfg = Debug|Any CPU
		{AE691C6C-9312-4792-AD0B-B6E9830BE15D}.Debug|Any CPU.Build.0 = Debug|Any CPU
		{AE691C6C-9312-4792-AD0B-B6E9830BE15D}.Release|Any CPU.ActiveCfg = Release|Any CPU
		{AE691C6C-9312-4792-AD0B-B6E9830BE15D}.Release|Any CPU.Build.0 = Release|Any CPU
		{9691C0DC-44CF-4C14-8844-ABEE3A28925E}.Debug|Any CPU.ActiveCfg = Debug|Any CPU
		{9691C0DC-44CF-4C14-8844-ABEE3A28925E}.Debug|Any CPU.Build.0 = Debug|Any CPU
		{9691C0DC-44CF-4C14-8844-ABEE3A28925E}.Release|Any CPU.ActiveCfg = Release|Any CPU
		{9691C0DC-44CF-4C14-8844-ABEE3A28925E}.Release|Any CPU.Build.0 = Release|Any CPU
		{1D8921C3-E937-498E-8A9C-0113172274E7}.Debug|Any CPU.ActiveCfg = Debug|Any CPU
		{1D8921C3-E937-498E-8A9C-0113172274E7}.Debug|Any CPU.Build.0 = Debug|Any CPU
		{1D8921C3-E937-498E-8A9C-0113172274E7}.Release|Any CPU.ActiveCfg = Release|Any CPU
		{1D8921C3-E937-498E-8A9C-0113172274E7}.Release|Any CPU.Build.0 = Release|Any CPU
		{71847682-82AD-423D-B399-5C7729DA67B9}.Debug|Any CPU.ActiveCfg = Debug|Any CPU
		{71847682-82AD-423D-B399-5C7729DA67B9}.Debug|Any CPU.Build.0 = Debug|Any CPU
		{71847682-82AD-423D-B399-5C7729DA67B9}.Release|Any CPU.ActiveCfg = Release|Any CPU
		{71847682-82AD-423D-B399-5C7729DA67B9}.Release|Any CPU.Build.0 = Release|Any CPU
		{78E73BF2-50A9-4900-9E84-37CDD4F85DD7}.Debug|Any CPU.ActiveCfg = Debug|Any CPU
		{78E73BF2-50A9-4900-9E84-37CDD4F85DD7}.Debug|Any CPU.Build.0 = Debug|Any CPU
		{78E73BF2-50A9-4900-9E84-37CDD4F85DD7}.Release|Any CPU.ActiveCfg = Release|Any CPU
		{78E73BF2-50A9-4900-9E84-37CDD4F85DD7}.Release|Any CPU.Build.0 = Release|Any CPU
		{75853826-51E7-43AA-9977-E75322E5DE9D}.Debug|Any CPU.ActiveCfg = Debug|Any CPU
		{75853826-51E7-43AA-9977-E75322E5DE9D}.Debug|Any CPU.Build.0 = Debug|Any CPU
		{75853826-51E7-43AA-9977-E75322E5DE9D}.Release|Any CPU.ActiveCfg = Release|Any CPU
		{75853826-51E7-43AA-9977-E75322E5DE9D}.Release|Any CPU.Build.0 = Release|Any CPU
		{CB328E55-F650-401C-8802-BCCAC777CD41}.Debug|Any CPU.ActiveCfg = Debug|Any CPU
		{CB328E55-F650-401C-8802-BCCAC777CD41}.Debug|Any CPU.Build.0 = Debug|Any CPU
		{CB328E55-F650-401C-8802-BCCAC777CD41}.Release|Any CPU.ActiveCfg = Release|Any CPU
		{CB328E55-F650-401C-8802-BCCAC777CD41}.Release|Any CPU.Build.0 = Release|Any CPU
		{D3F7E416-C1DB-4E8A-9A7C-454BA636F9CD}.Debug|Any CPU.ActiveCfg = Debug|Any CPU
		{D3F7E416-C1DB-4E8A-9A7C-454BA636F9CD}.Debug|Any CPU.Build.0 = Debug|Any CPU
		{D3F7E416-C1DB-4E8A-9A7C-454BA636F9CD}.Release|Any CPU.ActiveCfg = Release|Any CPU
		{D3F7E416-C1DB-4E8A-9A7C-454BA636F9CD}.Release|Any CPU.Build.0 = Release|Any CPU
		{44138E1E-5BF1-47C3-88A0-588834AF55A0}.Debug|Any CPU.ActiveCfg = Debug|Any CPU
		{44138E1E-5BF1-47C3-88A0-588834AF55A0}.Debug|Any CPU.Build.0 = Debug|Any CPU
		{44138E1E-5BF1-47C3-88A0-588834AF55A0}.Release|Any CPU.ActiveCfg = Release|Any CPU
		{44138E1E-5BF1-47C3-88A0-588834AF55A0}.Release|Any CPU.Build.0 = Release|Any CPU
		{E53FA1C9-532C-44CA-A199-52D204F1EF4F}.Debug|Any CPU.ActiveCfg = Debug|Any CPU
		{E53FA1C9-532C-44CA-A199-52D204F1EF4F}.Debug|Any CPU.Build.0 = Debug|Any CPU
		{E53FA1C9-532C-44CA-A199-52D204F1EF4F}.Release|Any CPU.ActiveCfg = Release|Any CPU
		{E53FA1C9-532C-44CA-A199-52D204F1EF4F}.Release|Any CPU.Build.0 = Release|Any CPU
		{778BDB04-CDC1-48DB-A299-821CB78BEDFB}.Debug|Any CPU.ActiveCfg = Debug|Any CPU
		{778BDB04-CDC1-48DB-A299-821CB78BEDFB}.Debug|Any CPU.Build.0 = Debug|Any CPU
		{778BDB04-CDC1-48DB-A299-821CB78BEDFB}.Release|Any CPU.ActiveCfg = Release|Any CPU
		{778BDB04-CDC1-48DB-A299-821CB78BEDFB}.Release|Any CPU.Build.0 = Release|Any CPU
		{076FFC5D-9739-45F1-9E1E-01AB19B1B6D9}.Debug|Any CPU.ActiveCfg = Debug|Any CPU
		{076FFC5D-9739-45F1-9E1E-01AB19B1B6D9}.Debug|Any CPU.Build.0 = Debug|Any CPU
		{076FFC5D-9739-45F1-9E1E-01AB19B1B6D9}.Release|Any CPU.ActiveCfg = Release|Any CPU
		{076FFC5D-9739-45F1-9E1E-01AB19B1B6D9}.Release|Any CPU.Build.0 = Release|Any CPU
		{B9F75B66-7C52-4409-9C0B-FA45DE4D9730}.Debug|Any CPU.ActiveCfg = Debug|Any CPU
		{B9F75B66-7C52-4409-9C0B-FA45DE4D9730}.Debug|Any CPU.Build.0 = Debug|Any CPU
		{B9F75B66-7C52-4409-9C0B-FA45DE4D9730}.Release|Any CPU.ActiveCfg = Release|Any CPU
		{B9F75B66-7C52-4409-9C0B-FA45DE4D9730}.Release|Any CPU.Build.0 = Release|Any CPU
		{23721A96-B36A-482E-8865-FD20287CF4AD}.Debug|Any CPU.ActiveCfg = Debug|Any CPU
		{23721A96-B36A-482E-8865-FD20287CF4AD}.Debug|Any CPU.Build.0 = Debug|Any CPU
		{23721A96-B36A-482E-8865-FD20287CF4AD}.Release|Any CPU.ActiveCfg = Release|Any CPU
		{23721A96-B36A-482E-8865-FD20287CF4AD}.Release|Any CPU.Build.0 = Release|Any CPU
		{0C58F296-FD44-4B76-AC96-EE3B5C4D0E65}.Debug|Any CPU.ActiveCfg = Debug|Any CPU
		{0C58F296-FD44-4B76-AC96-EE3B5C4D0E65}.Debug|Any CPU.Build.0 = Debug|Any CPU
		{0C58F296-FD44-4B76-AC96-EE3B5C4D0E65}.Release|Any CPU.ActiveCfg = Release|Any CPU
		{0C58F296-FD44-4B76-AC96-EE3B5C4D0E65}.Release|Any CPU.Build.0 = Release|Any CPU
		{C3FC234D-B0F9-4DEA-AB60-64D5F28FD8D3}.Debug|Any CPU.ActiveCfg = Debug|Any CPU
		{C3FC234D-B0F9-4DEA-AB60-64D5F28FD8D3}.Debug|Any CPU.Build.0 = Debug|Any CPU
		{C3FC234D-B0F9-4DEA-AB60-64D5F28FD8D3}.Release|Any CPU.ActiveCfg = Release|Any CPU
		{C3FC234D-B0F9-4DEA-AB60-64D5F28FD8D3}.Release|Any CPU.Build.0 = Release|Any CPU
		{12E8B7CC-9B05-4AA9-A712-406FE6D5A066}.Debug|Any CPU.ActiveCfg = Debug|Any CPU
		{12E8B7CC-9B05-4AA9-A712-406FE6D5A066}.Debug|Any CPU.Build.0 = Debug|Any CPU
		{12E8B7CC-9B05-4AA9-A712-406FE6D5A066}.Release|Any CPU.ActiveCfg = Release|Any CPU
		{12E8B7CC-9B05-4AA9-A712-406FE6D5A066}.Release|Any CPU.Build.0 = Release|Any CPU
		{BF1E0111-E4B3-4F9C-9708-A10484AF5EBB}.Debug|Any CPU.ActiveCfg = Debug|Any CPU
		{BF1E0111-E4B3-4F9C-9708-A10484AF5EBB}.Debug|Any CPU.Build.0 = Debug|Any CPU
		{BF1E0111-E4B3-4F9C-9708-A10484AF5EBB}.Release|Any CPU.ActiveCfg = Release|Any CPU
		{BF1E0111-E4B3-4F9C-9708-A10484AF5EBB}.Release|Any CPU.Build.0 = Release|Any CPU
		{62A62071-ACEB-4206-9C06-D3B3057A0AB9}.Debug|Any CPU.ActiveCfg = Debug|Any CPU
		{62A62071-ACEB-4206-9C06-D3B3057A0AB9}.Debug|Any CPU.Build.0 = Debug|Any CPU
		{62A62071-ACEB-4206-9C06-D3B3057A0AB9}.Release|Any CPU.ActiveCfg = Release|Any CPU
		{62A62071-ACEB-4206-9C06-D3B3057A0AB9}.Release|Any CPU.Build.0 = Release|Any CPU
		{8593654E-FC4F-4AE8-BC4D-D0B1C3CAE7C1}.Debug|Any CPU.ActiveCfg = Debug|Any CPU
		{8593654E-FC4F-4AE8-BC4D-D0B1C3CAE7C1}.Debug|Any CPU.Build.0 = Debug|Any CPU
		{8593654E-FC4F-4AE8-BC4D-D0B1C3CAE7C1}.Release|Any CPU.ActiveCfg = Release|Any CPU
		{8593654E-FC4F-4AE8-BC4D-D0B1C3CAE7C1}.Release|Any CPU.Build.0 = Release|Any CPU
	EndGlobalSection
	GlobalSection(SolutionProperties) = preSolution
		HideSolutionNode = FALSE
	EndGlobalSection
	GlobalSection(ExtensibilityGlobals) = postSolution
		SolutionGuid = {AD089D14-5CFD-4C1D-98F9-310935FEC534}
	EndGlobalSection
EndGlobal
