
Microsoft Visual Studio Solution File, Format Version 12.00
# Visual Studio Version 16
VisualStudioVersion = 16.0.32228.343
MinimumVisualStudioVersion = 10.0.40219.1
Project("{9A19103F-16F7-4668-BE54-9A1E7A4F7556}") = "2.EJERCICIOS_PDF", "2.EJERCICIOS_PDF\2.EJERCICIOS_PDF.csproj", "{AA9569A1-9B9C-4BEB-9596-4AA8CBC83D5D}"
EndProject
Project("{FAE04EC0-301F-11D3-BF4B-00C04F79EFBC}") = "3.PROGRAMANDO_WF", "3.PROGRAMANDO_WF\3.PROGRAMANDO_WF.csproj", "{0ED5DDEE-1EF5-4834-87B1-8C1601727E15}"
EndProject
Project("{FAE04EC0-301F-11D3-BF4B-00C04F79EFBC}") = "4.REPASO_CONSOLA_VARIEDAD", "4.REPASO_CONSOLA_VARIEDAD\4.REPASO_CONSOLA_VARIEDAD.csproj", "{BDA9659C-0760-4CAF-8D6A-A495DADCD5FB}"
EndProject
Project("{FAE04EC0-301F-11D3-BF4B-00C04F79EFBC}") = "5.EJERCICIOS_PRACTICOS", "5.EJERCICIOS_PRACTICOS\5.EJERCICIOS_PRACTICOS.csproj", "{C3523A00-B9BD-46EE-8044-41D684F57927}"
EndProject
Project("{FAE04EC0-301F-11D3-BF4B-00C04F79EFBC}") = "6.PRACTICA_CURSO_WINDOWS_FORM", "6.PRACTICA_CURSO_WINDOWS_FORM\6.PRACTICA_CURSO_WINDOWS_FORM.csproj", "{18054035-D325-45C3-9048-57747FFDFF9A}"
EndProject
Project("{9A19103F-16F7-4668-BE54-9A1E7A4F7556}") = "1.CURSO_CONSOLA_BASICO", "CURSO_PROGRAMACION\1.CURSO_CONSOLA_BASICO.csproj", "{0089CE06-933A-4C83-B7C2-4E195F33A7FB}"
EndProject
Project("{FAE04EC0-301F-11D3-BF4B-00C04F79EFBC}") = "CURSO_CORE_CONSOLA", "CURSO_CORE_CONSOLA\CURSO_CORE_CONSOLA.csproj", "{09C62E0A-730D-42B6-B11D-1CD93EF81732}"
EndProject
Global
	GlobalSection(SolutionConfigurationPlatforms) = preSolution
		Debug|Any CPU = Debug|Any CPU
		Release|Any CPU = Release|Any CPU
	EndGlobalSection
	GlobalSection(ProjectConfigurationPlatforms) = postSolution
		{AA9569A1-9B9C-4BEB-9596-4AA8CBC83D5D}.Debug|Any CPU.ActiveCfg = Debug|Any CPU
		{AA9569A1-9B9C-4BEB-9596-4AA8CBC83D5D}.Debug|Any CPU.Build.0 = Debug|Any CPU
		{AA9569A1-9B9C-4BEB-9596-4AA8CBC83D5D}.Release|Any CPU.ActiveCfg = Release|Any CPU
		{AA9569A1-9B9C-4BEB-9596-4AA8CBC83D5D}.Release|Any CPU.Build.0 = Release|Any CPU
		{0ED5DDEE-1EF5-4834-87B1-8C1601727E15}.Debug|Any CPU.ActiveCfg = Debug|Any CPU
		{0ED5DDEE-1EF5-4834-87B1-8C1601727E15}.Debug|Any CPU.Build.0 = Debug|Any CPU
		{0ED5DDEE-1EF5-4834-87B1-8C1601727E15}.Release|Any CPU.ActiveCfg = Release|Any CPU
		{0ED5DDEE-1EF5-4834-87B1-8C1601727E15}.Release|Any CPU.Build.0 = Release|Any CPU
		{BDA9659C-0760-4CAF-8D6A-A495DADCD5FB}.Debug|Any CPU.ActiveCfg = Debug|Any CPU
		{BDA9659C-0760-4CAF-8D6A-A495DADCD5FB}.Debug|Any CPU.Build.0 = Debug|Any CPU
		{BDA9659C-0760-4CAF-8D6A-A495DADCD5FB}.Release|Any CPU.ActiveCfg = Release|Any CPU
		{BDA9659C-0760-4CAF-8D6A-A495DADCD5FB}.Release|Any CPU.Build.0 = Release|Any CPU
		{C3523A00-B9BD-46EE-8044-41D684F57927}.Debug|Any CPU.ActiveCfg = Debug|Any CPU
		{C3523A00-B9BD-46EE-8044-41D684F57927}.Debug|Any CPU.Build.0 = Debug|Any CPU
		{C3523A00-B9BD-46EE-8044-41D684F57927}.Release|Any CPU.ActiveCfg = Release|Any CPU
		{C3523A00-B9BD-46EE-8044-41D684F57927}.Release|Any CPU.Build.0 = Release|Any CPU
		{18054035-D325-45C3-9048-57747FFDFF9A}.Debug|Any CPU.ActiveCfg = Debug|Any CPU
		{18054035-D325-45C3-9048-57747FFDFF9A}.Debug|Any CPU.Build.0 = Debug|Any CPU
		{18054035-D325-45C3-9048-57747FFDFF9A}.Release|Any CPU.ActiveCfg = Release|Any CPU
		{18054035-D325-45C3-9048-57747FFDFF9A}.Release|Any CPU.Build.0 = Release|Any CPU
		{0089CE06-933A-4C83-B7C2-4E195F33A7FB}.Debug|Any CPU.ActiveCfg = Debug|Any CPU
		{0089CE06-933A-4C83-B7C2-4E195F33A7FB}.Debug|Any CPU.Build.0 = Debug|Any CPU
		{0089CE06-933A-4C83-B7C2-4E195F33A7FB}.Release|Any CPU.ActiveCfg = Release|Any CPU
		{0089CE06-933A-4C83-B7C2-4E195F33A7FB}.Release|Any CPU.Build.0 = Release|Any CPU
		{09C62E0A-730D-42B6-B11D-1CD93EF81732}.Debug|Any CPU.ActiveCfg = Debug|Any CPU
		{09C62E0A-730D-42B6-B11D-1CD93EF81732}.Debug|Any CPU.Build.0 = Debug|Any CPU
		{09C62E0A-730D-42B6-B11D-1CD93EF81732}.Release|Any CPU.ActiveCfg = Release|Any CPU
		{09C62E0A-730D-42B6-B11D-1CD93EF81732}.Release|Any CPU.Build.0 = Release|Any CPU
	EndGlobalSection
	GlobalSection(SolutionProperties) = preSolution
		HideSolutionNode = FALSE
	EndGlobalSection
	GlobalSection(ExtensibilityGlobals) = postSolution
		SolutionGuid = {2184EB5B-8238-440C-A6BF-6DD62593B767}
	EndGlobalSection
EndGlobal
